// !$*UTF8*$!
{
	archiveVersion = 1;
	classes = {
	};
	objectVersion = 52;
	objects = {

/* Begin PBXBuildFile section */
		6420C5D92439ADBE009F1750 /* TidingsView.swift in Sources */ = {isa = PBXBuildFile; fileRef = 6420C5D82439ADBE009F1750 /* TidingsView.swift */; };
		6420C5DB2439C209009F1750 /* TidingsModel.swift in Sources */ = {isa = PBXBuildFile; fileRef = 6420C5DA2439C209009F1750 /* TidingsModel.swift */; };
		6427AB932430B7C60075AC9F /* Parsing.swift in Sources */ = {isa = PBXBuildFile; fileRef = 6427AB922430B7C60075AC9F /* Parsing.swift */; };
		6427AB992430D52F0075AC9F /* TidingsServices.swift in Sources */ = {isa = PBXBuildFile; fileRef = 6427AB982430D52F0075AC9F /* TidingsServices.swift */; };
		6427AB9B2430DDC40075AC9F /* TidingsViewModel.swift in Sources */ = {isa = PBXBuildFile; fileRef = 6427AB9A2430DDC40075AC9F /* TidingsViewModel.swift */; };
		6435B3BA24814CDC0005A617 /* DataBaseManager.swift in Sources */ = {isa = PBXBuildFile; fileRef = 6435B3B924814CDC0005A617 /* DataBaseManager.swift */; };
		6435B3CE248155970005A617 /* RealmSwift in Frameworks */ = {isa = PBXBuildFile; productRef = 6435B3CD248155970005A617 /* RealmSwift */; };
		6435B3D0248155EE0005A617 /* NewsModel.swift in Sources */ = {isa = PBXBuildFile; fileRef = 6435B3CF248155EE0005A617 /* NewsModel.swift */; };
		6456B53D240C8DF600609F0F /* AppDelegate.swift in Sources */ = {isa = PBXBuildFile; fileRef = 6456B53C240C8DF600609F0F /* AppDelegate.swift */; };
		6456B53F240C8DF600609F0F /* SceneDelegate.swift in Sources */ = {isa = PBXBuildFile; fileRef = 6456B53E240C8DF600609F0F /* SceneDelegate.swift */; };
		6456B542240C8DF600609F0F /* HLApp.xcdatamodeld in Sources */ = {isa = PBXBuildFile; fileRef = 6456B540240C8DF600609F0F /* HLApp.xcdatamodeld */; };
		6456B544240C8DF600609F0F /* SegueView.swift in Sources */ = {isa = PBXBuildFile; fileRef = 6456B543240C8DF600609F0F /* SegueView.swift */; };
		6456B546240C8DF700609F0F /* Assets.xcassets in Resources */ = {isa = PBXBuildFile; fileRef = 6456B545240C8DF700609F0F /* Assets.xcassets */; };
		6456B549240C8DF700609F0F /* Preview Assets.xcassets in Resources */ = {isa = PBXBuildFile; fileRef = 6456B548240C8DF700609F0F /* Preview Assets.xcassets */; };
		6456B54C240C8DF700609F0F /* LaunchScreen.storyboard in Resources */ = {isa = PBXBuildFile; fileRef = 6456B54A240C8DF700609F0F /* LaunchScreen.storyboard */; };
		6456B557240C8DF700609F0F /* HLAppTests.swift in Sources */ = {isa = PBXBuildFile; fileRef = 6456B556240C8DF700609F0F /* HLAppTests.swift */; };
		6456B564240C8E2E00609F0F /* RootView.swift in Sources */ = {isa = PBXBuildFile; fileRef = 6456B563240C8E2E00609F0F /* RootView.swift */; };
		6456B566240C8FFD00609F0F /* ListView.swift in Sources */ = {isa = PBXBuildFile; fileRef = 6456B565240C8FFD00609F0F /* ListView.swift */; };
		6456B569240C904400609F0F /* ModalView.swift in Sources */ = {isa = PBXBuildFile; fileRef = 6456B568240C904400609F0F /* ModalView.swift */; };
		6456B56E2410B5C600609F0F /* ViewModel.swift in Sources */ = {isa = PBXBuildFile; fileRef = 6456B56D2410B5C600609F0F /* ViewModel.swift */; };
		648C8BFE246147EF00F21627 /* MyLibraryUI in Frameworks */ = {isa = PBXBuildFile; productRef = 648C8BFD246147EF00F21627 /* MyLibraryUI */; };
		649A8D2A2423ADD0003F3B65 /* NavController.swift in Sources */ = {isa = PBXBuildFile; fileRef = 649A8D292423ADD0003F3B65 /* NavController.swift */; };
		649C15D2241DE2C200005DB8 /* NewsView.swift in Sources */ = {isa = PBXBuildFile; fileRef = 649C15D1241DE2C200005DB8 /* NewsView.swift */; };
		649C15D9241E1DC000005DB8 /* NewsViewModel.swift in Sources */ = {isa = PBXBuildFile; fileRef = 649C15D8241E1DC000005DB8 /* NewsViewModel.swift */; };
		649C15DB2420CEFA00005DB8 /* ServiceManager.swift in Sources */ = {isa = PBXBuildFile; fileRef = 649C15DA2420CEFA00005DB8 /* ServiceManager.swift */; };
		649EFB71242B74740082D57E /* ServiceLocator.swift in Sources */ = {isa = PBXBuildFile; fileRef = 649EFB70242B74740082D57E /* ServiceLocator.swift */; };
		64BAEF2C2440943D0010131C /* APIHelper.swift in Sources */ = {isa = PBXBuildFile; fileRef = 64BAEF1B2440943D0010131C /* APIHelper.swift */; };
		64BAEF2D2440943D0010131C /* URLSessionImplementations.swift in Sources */ = {isa = PBXBuildFile; fileRef = 64BAEF1C2440943D0010131C /* URLSessionImplementations.swift */; };
		64BAEF2E2440943D0010131C /* NewsAPI.swift in Sources */ = {isa = PBXBuildFile; fileRef = 64BAEF1E2440943D0010131C /* NewsAPI.swift */; };
		64BAEF2F2440943D0010131C /* CodableHelper.swift in Sources */ = {isa = PBXBuildFile; fileRef = 64BAEF1F2440943D0010131C /* CodableHelper.swift */; };
		64BAEF302440943D0010131C /* APIs.swift in Sources */ = {isa = PBXBuildFile; fileRef = 64BAEF202440943D0010131C /* APIs.swift */; };
		64BAEF312440943D0010131C /* OpenISO8601DateFormatter.swift in Sources */ = {isa = PBXBuildFile; fileRef = 64BAEF212440943D0010131C /* OpenISO8601DateFormatter.swift */; };
		64BAEF322440943D0010131C /* NewsResponse.swift in Sources */ = {isa = PBXBuildFile; fileRef = 64BAEF232440943D0010131C /* NewsResponse.swift */; };
		64BAEF332440943D0010131C /* ModelError.swift in Sources */ = {isa = PBXBuildFile; fileRef = 64BAEF242440943D0010131C /* ModelError.swift */; };
		64BAEF342440943D0010131C /* Article.swift in Sources */ = {isa = PBXBuildFile; fileRef = 64BAEF252440943D0010131C /* Article.swift */; };
		64BAEF352440943D0010131C /* Extensions.swift in Sources */ = {isa = PBXBuildFile; fileRef = 64BAEF262440943D0010131C /* Extensions.swift */; };
		64BAEF362440943D0010131C /* JSONDataEncoding.swift in Sources */ = {isa = PBXBuildFile; fileRef = 64BAEF272440943D0010131C /* JSONDataEncoding.swift */; };
		64BAEF372440943D0010131C /* JSONEncodingHelper.swift in Sources */ = {isa = PBXBuildFile; fileRef = 64BAEF282440943D0010131C /* JSONEncodingHelper.swift */; };
		64BAEF382440943D0010131C /* Models.swift in Sources */ = {isa = PBXBuildFile; fileRef = 64BAEF292440943D0010131C /* Models.swift */; };
		64BAEF392440943D0010131C /* SynchronizedDictionary.swift in Sources */ = {isa = PBXBuildFile; fileRef = 64BAEF2A2440943D0010131C /* SynchronizedDictionary.swift */; };
		64BAEF3A2440943D0010131C /* Configuration.swift in Sources */ = {isa = PBXBuildFile; fileRef = 64BAEF2B2440943D0010131C /* Configuration.swift */; };
		64BAEF3D244095440010131C /* Alamofire in Frameworks */ = {isa = PBXBuildFile; productRef = 64BAEF3C244095440010131C /* Alamofire */; };
		64FF2FD7248106CA003D1D31 /* FilesManager.swift in Sources */ = {isa = PBXBuildFile; fileRef = 64FF2FD6248106CA003D1D31 /* FilesManager.swift */; };
/* End PBXBuildFile section */

/* Begin PBXContainerItemProxy section */
		6456B553240C8DF700609F0F /* PBXContainerItemProxy */ = {
			isa = PBXContainerItemProxy;
			containerPortal = 6456B531240C8DF600609F0F /* Project object */;
			proxyType = 1;
			remoteGlobalIDString = 6456B538240C8DF600609F0F;
			remoteInfo = HLApp;
		};
/* End PBXContainerItemProxy section */

/* Begin PBXFileReference section */
		6420C5D82439ADBE009F1750 /* TidingsView.swift */ = {isa = PBXFileReference; lastKnownFileType = sourcecode.swift; path = TidingsView.swift; sourceTree = "<group>"; };
		6420C5DA2439C209009F1750 /* TidingsModel.swift */ = {isa = PBXFileReference; lastKnownFileType = sourcecode.swift; path = TidingsModel.swift; sourceTree = "<group>"; };
		6427AB922430B7C60075AC9F /* Parsing.swift */ = {isa = PBXFileReference; lastKnownFileType = sourcecode.swift; path = Parsing.swift; sourceTree = "<group>"; };
		6427AB982430D52F0075AC9F /* TidingsServices.swift */ = {isa = PBXFileReference; lastKnownFileType = sourcecode.swift; path = TidingsServices.swift; sourceTree = "<group>"; };
		6427AB9A2430DDC40075AC9F /* TidingsViewModel.swift */ = {isa = PBXFileReference; lastKnownFileType = sourcecode.swift; path = TidingsViewModel.swift; sourceTree = "<group>"; };
		6435B3B924814CDC0005A617 /* DataBaseManager.swift */ = {isa = PBXFileReference; lastKnownFileType = sourcecode.swift; path = DataBaseManager.swift; sourceTree = "<group>"; };
		6435B3CF248155EE0005A617 /* NewsModel.swift */ = {isa = PBXFileReference; lastKnownFileType = sourcecode.swift; path = NewsModel.swift; sourceTree = "<group>"; };
		6456B539240C8DF600609F0F /* HLApp.app */ = {isa = PBXFileReference; explicitFileType = wrapper.application; includeInIndex = 0; path = HLApp.app; sourceTree = BUILT_PRODUCTS_DIR; };
		6456B53C240C8DF600609F0F /* AppDelegate.swift */ = {isa = PBXFileReference; lastKnownFileType = sourcecode.swift; path = AppDelegate.swift; sourceTree = "<group>"; };
		6456B53E240C8DF600609F0F /* SceneDelegate.swift */ = {isa = PBXFileReference; lastKnownFileType = sourcecode.swift; path = SceneDelegate.swift; sourceTree = "<group>"; };
		6456B541240C8DF600609F0F /* HLApp.xcdatamodel */ = {isa = PBXFileReference; lastKnownFileType = wrapper.xcdatamodel; path = HLApp.xcdatamodel; sourceTree = "<group>"; };
		6456B543240C8DF600609F0F /* SegueView.swift */ = {isa = PBXFileReference; lastKnownFileType = sourcecode.swift; path = SegueView.swift; sourceTree = "<group>"; };
		6456B545240C8DF700609F0F /* Assets.xcassets */ = {isa = PBXFileReference; lastKnownFileType = folder.assetcatalog; path = Assets.xcassets; sourceTree = "<group>"; };
		6456B548240C8DF700609F0F /* Preview Assets.xcassets */ = {isa = PBXFileReference; lastKnownFileType = folder.assetcatalog; path = "Preview Assets.xcassets"; sourceTree = "<group>"; };
		6456B54B240C8DF700609F0F /* Base */ = {isa = PBXFileReference; lastKnownFileType = file.storyboard; name = Base; path = Base.lproj/LaunchScreen.storyboard; sourceTree = "<group>"; };
		6456B54D240C8DF700609F0F /* Info.plist */ = {isa = PBXFileReference; lastKnownFileType = text.plist.xml; path = Info.plist; sourceTree = "<group>"; };
		6456B552240C8DF700609F0F /* HLAppTests.xctest */ = {isa = PBXFileReference; explicitFileType = wrapper.cfbundle; includeInIndex = 0; path = HLAppTests.xctest; sourceTree = BUILT_PRODUCTS_DIR; };
		6456B556240C8DF700609F0F /* HLAppTests.swift */ = {isa = PBXFileReference; lastKnownFileType = sourcecode.swift; path = HLAppTests.swift; sourceTree = "<group>"; };
		6456B558240C8DF700609F0F /* Info.plist */ = {isa = PBXFileReference; lastKnownFileType = text.plist.xml; path = Info.plist; sourceTree = "<group>"; };
		6456B563240C8E2E00609F0F /* RootView.swift */ = {isa = PBXFileReference; lastKnownFileType = sourcecode.swift; path = RootView.swift; sourceTree = "<group>"; };
		6456B565240C8FFD00609F0F /* ListView.swift */ = {isa = PBXFileReference; lastKnownFileType = sourcecode.swift; path = ListView.swift; sourceTree = "<group>"; };
		6456B568240C904400609F0F /* ModalView.swift */ = {isa = PBXFileReference; lastKnownFileType = sourcecode.swift; path = ModalView.swift; sourceTree = "<group>"; };
		6456B56D2410B5C600609F0F /* ViewModel.swift */ = {isa = PBXFileReference; lastKnownFileType = sourcecode.swift; path = ViewModel.swift; sourceTree = "<group>"; };
		649A8D292423ADD0003F3B65 /* NavController.swift */ = {isa = PBXFileReference; lastKnownFileType = sourcecode.swift; path = NavController.swift; sourceTree = "<group>"; };
		649C15D1241DE2C200005DB8 /* NewsView.swift */ = {isa = PBXFileReference; lastKnownFileType = sourcecode.swift; path = NewsView.swift; sourceTree = "<group>"; };
		649C15D8241E1DC000005DB8 /* NewsViewModel.swift */ = {isa = PBXFileReference; lastKnownFileType = sourcecode.swift; path = NewsViewModel.swift; sourceTree = "<group>"; };
		649C15DA2420CEFA00005DB8 /* ServiceManager.swift */ = {isa = PBXFileReference; lastKnownFileType = sourcecode.swift; path = ServiceManager.swift; sourceTree = "<group>"; };
		649EFB70242B74740082D57E /* ServiceLocator.swift */ = {isa = PBXFileReference; lastKnownFileType = sourcecode.swift; path = ServiceLocator.swift; sourceTree = "<group>"; };
		64BAEF1B2440943D0010131C /* APIHelper.swift */ = {isa = PBXFileReference; fileEncoding = 4; lastKnownFileType = sourcecode.swift; path = APIHelper.swift; sourceTree = "<group>"; };
		64BAEF1C2440943D0010131C /* URLSessionImplementations.swift */ = {isa = PBXFileReference; fileEncoding = 4; lastKnownFileType = sourcecode.swift; path = URLSessionImplementations.swift; sourceTree = "<group>"; };
		64BAEF1E2440943D0010131C /* NewsAPI.swift */ = {isa = PBXFileReference; fileEncoding = 4; lastKnownFileType = sourcecode.swift; path = NewsAPI.swift; sourceTree = "<group>"; };
		64BAEF1F2440943D0010131C /* CodableHelper.swift */ = {isa = PBXFileReference; fileEncoding = 4; lastKnownFileType = sourcecode.swift; path = CodableHelper.swift; sourceTree = "<group>"; };
		64BAEF202440943D0010131C /* APIs.swift */ = {isa = PBXFileReference; fileEncoding = 4; lastKnownFileType = sourcecode.swift; path = APIs.swift; sourceTree = "<group>"; };
		64BAEF212440943D0010131C /* OpenISO8601DateFormatter.swift */ = {isa = PBXFileReference; fileEncoding = 4; lastKnownFileType = sourcecode.swift; path = OpenISO8601DateFormatter.swift; sourceTree = "<group>"; };
		64BAEF232440943D0010131C /* NewsResponse.swift */ = {isa = PBXFileReference; fileEncoding = 4; lastKnownFileType = sourcecode.swift; path = NewsResponse.swift; sourceTree = "<group>"; };
		64BAEF242440943D0010131C /* ModelError.swift */ = {isa = PBXFileReference; fileEncoding = 4; lastKnownFileType = sourcecode.swift; path = ModelError.swift; sourceTree = "<group>"; };
		64BAEF252440943D0010131C /* Article.swift */ = {isa = PBXFileReference; fileEncoding = 4; lastKnownFileType = sourcecode.swift; path = Article.swift; sourceTree = "<group>"; };
		64BAEF262440943D0010131C /* Extensions.swift */ = {isa = PBXFileReference; fileEncoding = 4; lastKnownFileType = sourcecode.swift; path = Extensions.swift; sourceTree = "<group>"; };
		64BAEF272440943D0010131C /* JSONDataEncoding.swift */ = {isa = PBXFileReference; fileEncoding = 4; lastKnownFileType = sourcecode.swift; path = JSONDataEncoding.swift; sourceTree = "<group>"; };
		64BAEF282440943D0010131C /* JSONEncodingHelper.swift */ = {isa = PBXFileReference; fileEncoding = 4; lastKnownFileType = sourcecode.swift; path = JSONEncodingHelper.swift; sourceTree = "<group>"; };
		64BAEF292440943D0010131C /* Models.swift */ = {isa = PBXFileReference; fileEncoding = 4; lastKnownFileType = sourcecode.swift; path = Models.swift; sourceTree = "<group>"; };
		64BAEF2A2440943D0010131C /* SynchronizedDictionary.swift */ = {isa = PBXFileReference; fileEncoding = 4; lastKnownFileType = sourcecode.swift; path = SynchronizedDictionary.swift; sourceTree = "<group>"; };
		64BAEF2B2440943D0010131C /* Configuration.swift */ = {isa = PBXFileReference; fileEncoding = 4; lastKnownFileType = sourcecode.swift; path = Configuration.swift; sourceTree = "<group>"; };
		64FF2FD6248106CA003D1D31 /* FilesManager.swift */ = {isa = PBXFileReference; lastKnownFileType = sourcecode.swift; path = FilesManager.swift; sourceTree = "<group>"; };
/* End PBXFileReference section */

/* Begin PBXFrameworksBuildPhase section */
		6456B536240C8DF600609F0F /* Frameworks */ = {
			isa = PBXFrameworksBuildPhase;
			buildActionMask = 2147483647;
			files = (
				6435B3CE248155970005A617 /* RealmSwift in Frameworks */,
				648C8BFE246147EF00F21627 /* MyLibraryUI in Frameworks */,
				64BAEF3D244095440010131C /* Alamofire in Frameworks */,
			);
			runOnlyForDeploymentPostprocessing = 0;
		};
		6456B54F240C8DF700609F0F /* Frameworks */ = {
			isa = PBXFrameworksBuildPhase;
			buildActionMask = 2147483647;
			files = (
			);
			runOnlyForDeploymentPostprocessing = 0;
		};
/* End PBXFrameworksBuildPhase section */

/* Begin PBXGroup section */
		6427AB942430B9180075AC9F /* Layers */ = {
			isa = PBXGroup;
			children = (
				6427AB952430BB2B0075AC9F /* UI */,
				6427AB962430BB390075AC9F /* Domain */,
				6427AB972430D3D10075AC9F /* Data */,
				649EFB70242B74740082D57E /* ServiceLocator.swift */,
			);
			path = Layers;
			sourceTree = "<group>";
		};
		6427AB952430BB2B0075AC9F /* UI */ = {
			isa = PBXGroup;
			children = (
				6420C5D82439ADBE009F1750 /* TidingsView.swift */,
			);
			path = UI;
			sourceTree = "<group>";
		};
		6427AB962430BB390075AC9F /* Domain */ = {
			isa = PBXGroup;
			children = (
				6420C5DA2439C209009F1750 /* TidingsModel.swift */,
				6427AB9A2430DDC40075AC9F /* TidingsViewModel.swift */,
			);
			path = Domain;
			sourceTree = "<group>";
		};
		6427AB972430D3D10075AC9F /* Data */ = {
			isa = PBXGroup;
			children = (
				6427AB982430D52F0075AC9F /* TidingsServices.swift */,
			);
			path = Data;
			sourceTree = "<group>";
		};
		6456B530240C8DF600609F0F = {
			isa = PBXGroup;
			children = (
				6456B53B240C8DF600609F0F /* HLApp */,
				6456B555240C8DF700609F0F /* HLAppTests */,
				6456B53A240C8DF600609F0F /* Products */,
				648F17D124553242001BBDC1 /* Frameworks */,
			);
			sourceTree = "<group>";
		};
		6456B53A240C8DF600609F0F /* Products */ = {
			isa = PBXGroup;
			children = (
				6456B539240C8DF600609F0F /* HLApp.app */,
				6456B552240C8DF700609F0F /* HLAppTests.xctest */,
			);
			name = Products;
			sourceTree = "<group>";
		};
		6456B53B240C8DF600609F0F /* HLApp */ = {
			isa = PBXGroup;
			children = (
				649C15CF241DE26300005DB8 /* Homework 1 */,
				649EFB6F242B6CB10082D57E /* Homework 3 */,
				649C15DC2420D66100005DB8 /* Homework 5 */,
				6456B53C240C8DF600609F0F /* AppDelegate.swift */,
				6456B53E240C8DF600609F0F /* SceneDelegate.swift */,
				6456B545240C8DF700609F0F /* Assets.xcassets */,
				6456B54A240C8DF700609F0F /* LaunchScreen.storyboard */,
				6456B54D240C8DF700609F0F /* Info.plist */,
				6456B540240C8DF600609F0F /* HLApp.xcdatamodeld */,
				6456B547240C8DF700609F0F /* Preview Content */,
			);
			path = HLApp;
			sourceTree = "<group>";
		};
		6456B547240C8DF700609F0F /* Preview Content */ = {
			isa = PBXGroup;
			children = (
				6456B548240C8DF700609F0F /* Preview Assets.xcassets */,
			);
			path = "Preview Content";
			sourceTree = "<group>";
		};
		6456B555240C8DF700609F0F /* HLAppTests */ = {
			isa = PBXGroup;
			children = (
				6456B556240C8DF700609F0F /* HLAppTests.swift */,
				6456B558240C8DF700609F0F /* Info.plist */,
			);
			path = HLAppTests;
			sourceTree = "<group>";
		};
		64638DDB24303A23008AFFF9 /* Core */ = {
			isa = PBXGroup;
			children = (
				64BAEF1A2440943D0010131C /* OpenAPIs */,
				6427AB922430B7C60075AC9F /* Parsing.swift */,
			);
			path = Core;
			sourceTree = "<group>";
		};
		648F17D124553242001BBDC1 /* Frameworks */ = {
			isa = PBXGroup;
			children = (
			);
			name = Frameworks;
			sourceTree = "<group>";
		};
		649A8D2F2423D768003F3B65 /* Customs */ = {
			isa = PBXGroup;
			children = (
				649A8D292423ADD0003F3B65 /* NavController.swift */,
			);
			path = Customs;
			sourceTree = "<group>";
		};
		649A8D302423D7A8003F3B65 /* Views */ = {
			isa = PBXGroup;
			children = (
				649C15D1241DE2C200005DB8 /* NewsView.swift */,
			);
			path = Views;
			sourceTree = "<group>";
		};
		649A8D312423D7EF003F3B65 /* Model */ = {
			isa = PBXGroup;
			children = (
				6435B3CF248155EE0005A617 /* NewsModel.swift */,
				649C15D8241E1DC000005DB8 /* NewsViewModel.swift */,
				649C15DA2420CEFA00005DB8 /* ServiceManager.swift */,
				64FF2FD6248106CA003D1D31 /* FilesManager.swift */,
				6435B3B924814CDC0005A617 /* DataBaseManager.swift */,
			);
			path = Model;
			sourceTree = "<group>";
		};
		649C15CD241DE1DD00005DB8 /* Views */ = {
			isa = PBXGroup;
			children = (
				6456B563240C8E2E00609F0F /* RootView.swift */,
				6456B543240C8DF600609F0F /* SegueView.swift */,
				6456B565240C8FFD00609F0F /* ListView.swift */,
				6456B568240C904400609F0F /* ModalView.swift */,
			);
			path = Views;
			sourceTree = "<group>";
		};
		649C15CE241DE1E900005DB8 /* ViewModels */ = {
			isa = PBXGroup;
			children = (
				6456B56D2410B5C600609F0F /* ViewModel.swift */,
			);
			path = ViewModels;
			sourceTree = "<group>";
		};
		649C15CF241DE26300005DB8 /* Homework 1 */ = {
			isa = PBXGroup;
			children = (
				649C15CD241DE1DD00005DB8 /* Views */,
				649C15CE241DE1E900005DB8 /* ViewModels */,
			);
			path = "Homework 1";
			sourceTree = "<group>";
		};
		649C15DC2420D66100005DB8 /* Homework 5 */ = {
			isa = PBXGroup;
			children = (
				649A8D2F2423D768003F3B65 /* Customs */,
				649A8D302423D7A8003F3B65 /* Views */,
				649A8D312423D7EF003F3B65 /* Model */,
			);
			path = "Homework 5";
			sourceTree = "<group>";
		};
		649EFB6F242B6CB10082D57E /* Homework 3 */ = {
			isa = PBXGroup;
			children = (
				6427AB942430B9180075AC9F /* Layers */,
				64638DDB24303A23008AFFF9 /* Core */,
			);
			path = "Homework 3";
			sourceTree = "<group>";
		};
		64BAEF1A2440943D0010131C /* OpenAPIs */ = {
			isa = PBXGroup;
			children = (
				64BAEF1D2440943D0010131C /* APIs */,
				64BAEF222440943D0010131C /* Models */,
				64BAEF1B2440943D0010131C /* APIHelper.swift */,
				64BAEF1C2440943D0010131C /* URLSessionImplementations.swift */,
				64BAEF1F2440943D0010131C /* CodableHelper.swift */,
				64BAEF202440943D0010131C /* APIs.swift */,
				64BAEF212440943D0010131C /* OpenISO8601DateFormatter.swift */,
				64BAEF262440943D0010131C /* Extensions.swift */,
				64BAEF272440943D0010131C /* JSONDataEncoding.swift */,
				64BAEF282440943D0010131C /* JSONEncodingHelper.swift */,
				64BAEF292440943D0010131C /* Models.swift */,
				64BAEF2A2440943D0010131C /* SynchronizedDictionary.swift */,
				64BAEF2B2440943D0010131C /* Configuration.swift */,
			);
			path = OpenAPIs;
			sourceTree = "<group>";
		};
		64BAEF1D2440943D0010131C /* APIs */ = {
			isa = PBXGroup;
			children = (
				64BAEF1E2440943D0010131C /* NewsAPI.swift */,
			);
			path = APIs;
			sourceTree = "<group>";
		};
		64BAEF222440943D0010131C /* Models */ = {
			isa = PBXGroup;
			children = (
				64BAEF232440943D0010131C /* NewsResponse.swift */,
				64BAEF242440943D0010131C /* ModelError.swift */,
				64BAEF252440943D0010131C /* Article.swift */,
			);
			path = Models;
			sourceTree = "<group>";
		};
/* End PBXGroup section */

/* Begin PBXNativeTarget section */
		6456B538240C8DF600609F0F /* HLApp */ = {
			isa = PBXNativeTarget;
			buildConfigurationList = 6456B55B240C8DF700609F0F /* Build configuration list for PBXNativeTarget "HLApp" */;
			buildPhases = (
				6456B535240C8DF600609F0F /* Sources */,
				6456B536240C8DF600609F0F /* Frameworks */,
				6456B537240C8DF600609F0F /* Resources */,
			);
			buildRules = (
			);
			dependencies = (
			);
			name = HLApp;
			packageProductDependencies = (
				64BAEF3C244095440010131C /* Alamofire */,
				648C8BFD246147EF00F21627 /* MyLibraryUI */,
				6435B3CD248155970005A617 /* RealmSwift */,
			);
			productName = HLApp;
			productReference = 6456B539240C8DF600609F0F /* HLApp.app */;
			productType = "com.apple.product-type.application";
		};
		6456B551240C8DF700609F0F /* HLAppTests */ = {
			isa = PBXNativeTarget;
			buildConfigurationList = 6456B55E240C8DF700609F0F /* Build configuration list for PBXNativeTarget "HLAppTests" */;
			buildPhases = (
				6456B54E240C8DF700609F0F /* Sources */,
				6456B54F240C8DF700609F0F /* Frameworks */,
				6456B550240C8DF700609F0F /* Resources */,
			);
			buildRules = (
			);
			dependencies = (
				6456B554240C8DF700609F0F /* PBXTargetDependency */,
			);
			name = HLAppTests;
			productName = HLAppTests;
			productReference = 6456B552240C8DF700609F0F /* HLAppTests.xctest */;
			productType = "com.apple.product-type.bundle.unit-test";
		};
/* End PBXNativeTarget section */

/* Begin PBXProject section */
		6456B531240C8DF600609F0F /* Project object */ = {
			isa = PBXProject;
			attributes = {
				LastSwiftUpdateCheck = 1130;
				LastUpgradeCheck = 1130;
				ORGANIZATIONNAME = destplay;
				TargetAttributes = {
					6456B538240C8DF600609F0F = {
						CreatedOnToolsVersion = 11.3.1;
					};
					6456B551240C8DF700609F0F = {
						CreatedOnToolsVersion = 11.3.1;
						TestTargetID = 6456B538240C8DF600609F0F;
					};
				};
			};
			buildConfigurationList = 6456B534240C8DF600609F0F /* Build configuration list for PBXProject "HLApp" */;
			compatibilityVersion = "Xcode 9.3";
			developmentRegion = en;
			hasScannedForEncodings = 0;
			knownRegions = (
				en,
				Base,
			);
			mainGroup = 6456B530240C8DF600609F0F;
			packageReferences = (
				64BAEF3B244095440010131C /* XCRemoteSwiftPackageReference "Alamofire" */,
				648C8BFC246147EF00F21627 /* XCRemoteSwiftPackageReference "MyLibraryUI" */,
				6435B3CC248155970005A617 /* XCRemoteSwiftPackageReference "realm-cocoa" */,
			);
			productRefGroup = 6456B53A240C8DF600609F0F /* Products */;
			projectDirPath = "";
			projectRoot = "";
			targets = (
				6456B538240C8DF600609F0F /* HLApp */,
				6456B551240C8DF700609F0F /* HLAppTests */,
			);
		};
/* End PBXProject section */

/* Begin PBXResourcesBuildPhase section */
		6456B537240C8DF600609F0F /* Resources */ = {
			isa = PBXResourcesBuildPhase;
			buildActionMask = 2147483647;
			files = (
				6456B54C240C8DF700609F0F /* LaunchScreen.storyboard in Resources */,
				6456B549240C8DF700609F0F /* Preview Assets.xcassets in Resources */,
				6456B546240C8DF700609F0F /* Assets.xcassets in Resources */,
			);
			runOnlyForDeploymentPostprocessing = 0;
		};
		6456B550240C8DF700609F0F /* Resources */ = {
			isa = PBXResourcesBuildPhase;
			buildActionMask = 2147483647;
			files = (
			);
			runOnlyForDeploymentPostprocessing = 0;
		};
/* End PBXResourcesBuildPhase section */

/* Begin PBXSourcesBuildPhase section */
		6456B535240C8DF600609F0F /* Sources */ = {
			isa = PBXSourcesBuildPhase;
			buildActionMask = 2147483647;
			files = (
				649C15DB2420CEFA00005DB8 /* ServiceManager.swift in Sources */,
				64BAEF382440943D0010131C /* Models.swift in Sources */,
				649A8D2A2423ADD0003F3B65 /* NavController.swift in Sources */,
				6456B542240C8DF600609F0F /* HLApp.xcdatamodeld in Sources */,
				649C15D2241DE2C200005DB8 /* NewsView.swift in Sources */,
				6420C5D92439ADBE009F1750 /* TidingsView.swift in Sources */,
				6456B56E2410B5C600609F0F /* ViewModel.swift in Sources */,
				64BAEF2D2440943D0010131C /* URLSessionImplementations.swift in Sources */,
				649EFB71242B74740082D57E /* ServiceLocator.swift in Sources */,
				6456B53D240C8DF600609F0F /* AppDelegate.swift in Sources */,
				6427AB9B2430DDC40075AC9F /* TidingsViewModel.swift in Sources */,
				64BAEF362440943D0010131C /* JSONDataEncoding.swift in Sources */,
				6435B3D0248155EE0005A617 /* NewsModel.swift in Sources */,
				6435B3BA24814CDC0005A617 /* DataBaseManager.swift in Sources */,
				64BAEF302440943D0010131C /* APIs.swift in Sources */,
				64BAEF392440943D0010131C /* SynchronizedDictionary.swift in Sources */,
				64BAEF342440943D0010131C /* Article.swift in Sources */,
				64BAEF332440943D0010131C /* ModelError.swift in Sources */,
				64BAEF372440943D0010131C /* JSONEncodingHelper.swift in Sources */,
				6456B566240C8FFD00609F0F /* ListView.swift in Sources */,
				6420C5DB2439C209009F1750 /* TidingsModel.swift in Sources */,
				64FF2FD7248106CA003D1D31 /* FilesManager.swift in Sources */,
				6456B544240C8DF600609F0F /* SegueView.swift in Sources */,
				64BAEF352440943D0010131C /* Extensions.swift in Sources */,
				6456B569240C904400609F0F /* ModalView.swift in Sources */,
				649C15D9241E1DC000005DB8 /* NewsViewModel.swift in Sources */,
				6427AB932430B7C60075AC9F /* Parsing.swift in Sources */,
				6456B53F240C8DF600609F0F /* SceneDelegate.swift in Sources */,
				64BAEF322440943D0010131C /* NewsResponse.swift in Sources */,
				6427AB992430D52F0075AC9F /* TidingsServices.swift in Sources */,
				64BAEF3A2440943D0010131C /* Configuration.swift in Sources */,
				64BAEF2C2440943D0010131C /* APIHelper.swift in Sources */,
				64BAEF312440943D0010131C /* OpenISO8601DateFormatter.swift in Sources */,
				6456B564240C8E2E00609F0F /* RootView.swift in Sources */,
				64BAEF2F2440943D0010131C /* CodableHelper.swift in Sources */,
				64BAEF2E2440943D0010131C /* NewsAPI.swift in Sources */,
			);
			runOnlyForDeploymentPostprocessing = 0;
		};
		6456B54E240C8DF700609F0F /* Sources */ = {
			isa = PBXSourcesBuildPhase;
			buildActionMask = 2147483647;
			files = (
				6456B557240C8DF700609F0F /* HLAppTests.swift in Sources */,
			);
			runOnlyForDeploymentPostprocessing = 0;
		};
/* End PBXSourcesBuildPhase section */

/* Begin PBXTargetDependency section */
		6456B554240C8DF700609F0F /* PBXTargetDependency */ = {
			isa = PBXTargetDependency;
			target = 6456B538240C8DF600609F0F /* HLApp */;
			targetProxy = 6456B553240C8DF700609F0F /* PBXContainerItemProxy */;
		};
/* End PBXTargetDependency section */

/* Begin PBXVariantGroup section */
		6456B54A240C8DF700609F0F /* LaunchScreen.storyboard */ = {
			isa = PBXVariantGroup;
			children = (
				6456B54B240C8DF700609F0F /* Base */,
			);
			name = LaunchScreen.storyboard;
			sourceTree = "<group>";
		};
/* End PBXVariantGroup section */

/* Begin XCBuildConfiguration section */
		6456B559240C8DF700609F0F /* Debug */ = {
			isa = XCBuildConfiguration;
			buildSettings = {
				ALWAYS_SEARCH_USER_PATHS = NO;
				CLANG_ANALYZER_NONNULL = YES;
				CLANG_ANALYZER_NUMBER_OBJECT_CONVERSION = YES_AGGRESSIVE;
				CLANG_CXX_LANGUAGE_STANDARD = "gnu++14";
				CLANG_CXX_LIBRARY = "libc++";
				CLANG_ENABLE_MODULES = YES;
				CLANG_ENABLE_OBJC_ARC = YES;
				CLANG_ENABLE_OBJC_WEAK = YES;
				CLANG_WARN_BLOCK_CAPTURE_AUTORELEASING = YES;
				CLANG_WARN_BOOL_CONVERSION = YES;
				CLANG_WARN_COMMA = YES;
				CLANG_WARN_CONSTANT_CONVERSION = YES;
				CLANG_WARN_DEPRECATED_OBJC_IMPLEMENTATIONS = YES;
				CLANG_WARN_DIRECT_OBJC_ISA_USAGE = YES_ERROR;
				CLANG_WARN_DOCUMENTATION_COMMENTS = YES;
				CLANG_WARN_EMPTY_BODY = YES;
				CLANG_WARN_ENUM_CONVERSION = YES;
				CLANG_WARN_INFINITE_RECURSION = YES;
				CLANG_WARN_INT_CONVERSION = YES;
				CLANG_WARN_NON_LITERAL_NULL_CONVERSION = YES;
				CLANG_WARN_OBJC_IMPLICIT_RETAIN_SELF = YES;
				CLANG_WARN_OBJC_LITERAL_CONVERSION = YES;
				CLANG_WARN_OBJC_ROOT_CLASS = YES_ERROR;
				CLANG_WARN_RANGE_LOOP_ANALYSIS = YES;
				CLANG_WARN_STRICT_PROTOTYPES = YES;
				CLANG_WARN_SUSPICIOUS_MOVE = YES;
				CLANG_WARN_UNGUARDED_AVAILABILITY = YES_AGGRESSIVE;
				CLANG_WARN_UNREACHABLE_CODE = YES;
				CLANG_WARN__DUPLICATE_METHOD_MATCH = YES;
				COPY_PHASE_STRIP = NO;
				DEBUG_INFORMATION_FORMAT = dwarf;
				ENABLE_STRICT_OBJC_MSGSEND = YES;
				ENABLE_TESTABILITY = YES;
				GCC_C_LANGUAGE_STANDARD = gnu11;
				GCC_DYNAMIC_NO_PIC = NO;
				GCC_NO_COMMON_BLOCKS = YES;
				GCC_OPTIMIZATION_LEVEL = 0;
				GCC_PREPROCESSOR_DEFINITIONS = (
					"DEBUG=1",
					"$(inherited)",
				);
				GCC_WARN_64_TO_32_BIT_CONVERSION = YES;
				GCC_WARN_ABOUT_RETURN_TYPE = YES_ERROR;
				GCC_WARN_UNDECLARED_SELECTOR = YES;
				GCC_WARN_UNINITIALIZED_AUTOS = YES_AGGRESSIVE;
				GCC_WARN_UNUSED_FUNCTION = YES;
				GCC_WARN_UNUSED_VARIABLE = YES;
				IPHONEOS_DEPLOYMENT_TARGET = 13.2;
				MTL_ENABLE_DEBUG_INFO = INCLUDE_SOURCE;
				MTL_FAST_MATH = YES;
				ONLY_ACTIVE_ARCH = YES;
				SDKROOT = iphoneos;
				SWIFT_ACTIVE_COMPILATION_CONDITIONS = DEBUG;
				SWIFT_OPTIMIZATION_LEVEL = "-Onone";
			};
			name = Debug;
		};
		6456B55A240C8DF700609F0F /* Release */ = {
			isa = XCBuildConfiguration;
			buildSettings = {
				ALWAYS_SEARCH_USER_PATHS = NO;
				CLANG_ANALYZER_NONNULL = YES;
				CLANG_ANALYZER_NUMBER_OBJECT_CONVERSION = YES_AGGRESSIVE;
				CLANG_CXX_LANGUAGE_STANDARD = "gnu++14";
				CLANG_CXX_LIBRARY = "libc++";
				CLANG_ENABLE_MODULES = YES;
				CLANG_ENABLE_OBJC_ARC = YES;
				CLANG_ENABLE_OBJC_WEAK = YES;
				CLANG_WARN_BLOCK_CAPTURE_AUTORELEASING = YES;
				CLANG_WARN_BOOL_CONVERSION = YES;
				CLANG_WARN_COMMA = YES;
				CLANG_WARN_CONSTANT_CONVERSION = YES;
				CLANG_WARN_DEPRECATED_OBJC_IMPLEMENTATIONS = YES;
				CLANG_WARN_DIRECT_OBJC_ISA_USAGE = YES_ERROR;
				CLANG_WARN_DOCUMENTATION_COMMENTS = YES;
				CLANG_WARN_EMPTY_BODY = YES;
				CLANG_WARN_ENUM_CONVERSION = YES;
				CLANG_WARN_INFINITE_RECURSION = YES;
				CLANG_WARN_INT_CONVERSION = YES;
				CLANG_WARN_NON_LITERAL_NULL_CONVERSION = YES;
				CLANG_WARN_OBJC_IMPLICIT_RETAIN_SELF = YES;
				CLANG_WARN_OBJC_LITERAL_CONVERSION = YES;
				CLANG_WARN_OBJC_ROOT_CLASS = YES_ERROR;
				CLANG_WARN_RANGE_LOOP_ANALYSIS = YES;
				CLANG_WARN_STRICT_PROTOTYPES = YES;
				CLANG_WARN_SUSPICIOUS_MOVE = YES;
				CLANG_WARN_UNGUARDED_AVAILABILITY = YES_AGGRESSIVE;
				CLANG_WARN_UNREACHABLE_CODE = YES;
				CLANG_WARN__DUPLICATE_METHOD_MATCH = YES;
				COPY_PHASE_STRIP = NO;
				DEBUG_INFORMATION_FORMAT = "dwarf-with-dsym";
				ENABLE_NS_ASSERTIONS = NO;
				ENABLE_STRICT_OBJC_MSGSEND = YES;
				GCC_C_LANGUAGE_STANDARD = gnu11;
				GCC_NO_COMMON_BLOCKS = YES;
				GCC_WARN_64_TO_32_BIT_CONVERSION = YES;
				GCC_WARN_ABOUT_RETURN_TYPE = YES_ERROR;
				GCC_WARN_UNDECLARED_SELECTOR = YES;
				GCC_WARN_UNINITIALIZED_AUTOS = YES_AGGRESSIVE;
				GCC_WARN_UNUSED_FUNCTION = YES;
				GCC_WARN_UNUSED_VARIABLE = YES;
				IPHONEOS_DEPLOYMENT_TARGET = 13.2;
				MTL_ENABLE_DEBUG_INFO = NO;
				MTL_FAST_MATH = YES;
				SDKROOT = iphoneos;
				SWIFT_COMPILATION_MODE = wholemodule;
				SWIFT_OPTIMIZATION_LEVEL = "-O";
				VALIDATE_PRODUCT = YES;
			};
			name = Release;
		};
		6456B55C240C8DF700609F0F /* Debug */ = {
			isa = XCBuildConfiguration;
			buildSettings = {
				ASSETCATALOG_COMPILER_APPICON_NAME = AppIcon;
				CODE_SIGN_STYLE = Automatic;
				DEVELOPMENT_ASSET_PATHS = "\"HLApp/Preview Content\"";
				DEVELOPMENT_TEAM = FGXLP74S94;
				ENABLE_PREVIEWS = YES;
				INFOPLIST_FILE = HLApp/Info.plist;
				LD_RUNPATH_SEARCH_PATHS = (
					"$(inherited)",
					"@executable_path/Frameworks",
				);
				PRODUCT_BUNDLE_IDENTIFIER = ru.destplay.HLApp;
				PRODUCT_NAME = "$(TARGET_NAME)";
				SWIFT_VERSION = 5.0;
				TARGETED_DEVICE_FAMILY = "1,2";
			};
			name = Debug;
		};
		6456B55D240C8DF700609F0F /* Release */ = {
			isa = XCBuildConfiguration;
			buildSettings = {
				ASSETCATALOG_COMPILER_APPICON_NAME = AppIcon;
				CODE_SIGN_STYLE = Automatic;
				DEVELOPMENT_ASSET_PATHS = "\"HLApp/Preview Content\"";
				DEVELOPMENT_TEAM = FGXLP74S94;
				ENABLE_PREVIEWS = YES;
				INFOPLIST_FILE = HLApp/Info.plist;
				LD_RUNPATH_SEARCH_PATHS = (
					"$(inherited)",
					"@executable_path/Frameworks",
				);
				PRODUCT_BUNDLE_IDENTIFIER = ru.destplay.HLApp;
				PRODUCT_NAME = "$(TARGET_NAME)";
				SWIFT_VERSION = 5.0;
				TARGETED_DEVICE_FAMILY = "1,2";
			};
			name = Release;
		};
		6456B55F240C8DF700609F0F /* Debug */ = {
			isa = XCBuildConfiguration;
			buildSettings = {
				ALWAYS_EMBED_SWIFT_STANDARD_LIBRARIES = YES;
				BUNDLE_LOADER = "$(TEST_HOST)";
				CODE_SIGN_STYLE = Automatic;
				DEVELOPMENT_TEAM = FGXLP74S94;
				INFOPLIST_FILE = HLAppTests/Info.plist;
				IPHONEOS_DEPLOYMENT_TARGET = 13.2;
				LD_RUNPATH_SEARCH_PATHS = (
					"$(inherited)",
					"@executable_path/Frameworks",
					"@loader_path/Frameworks",
				);
				PRODUCT_BUNDLE_IDENTIFIER = ru.destplay.HLAppTests;
				PRODUCT_NAME = "$(TARGET_NAME)";
				SWIFT_VERSION = 5.0;
				TARGETED_DEVICE_FAMILY = "1,2";
				TEST_HOST = "$(BUILT_PRODUCTS_DIR)/HLApp.app/HLApp";
			};
			name = Debug;
		};
		6456B560240C8DF700609F0F /* Release */ = {
			isa = XCBuildConfiguration;
			buildSettings = {
				ALWAYS_EMBED_SWIFT_STANDARD_LIBRARIES = YES;
				BUNDLE_LOADER = "$(TEST_HOST)";
				CODE_SIGN_STYLE = Automatic;
				DEVELOPMENT_TEAM = FGXLP74S94;
				INFOPLIST_FILE = HLAppTests/Info.plist;
				IPHONEOS_DEPLOYMENT_TARGET = 13.2;
				LD_RUNPATH_SEARCH_PATHS = (
					"$(inherited)",
					"@executable_path/Frameworks",
					"@loader_path/Frameworks",
				);
				PRODUCT_BUNDLE_IDENTIFIER = ru.destplay.HLAppTests;
				PRODUCT_NAME = "$(TARGET_NAME)";
				SWIFT_VERSION = 5.0;
				TARGETED_DEVICE_FAMILY = "1,2";
				TEST_HOST = "$(BUILT_PRODUCTS_DIR)/HLApp.app/HLApp";
			};
			name = Release;
		};
/* End XCBuildConfiguration section */

/* Begin XCConfigurationList section */
		6456B534240C8DF600609F0F /* Build configuration list for PBXProject "HLApp" */ = {
			isa = XCConfigurationList;
			buildConfigurations = (
				6456B559240C8DF700609F0F /* Debug */,
				6456B55A240C8DF700609F0F /* Release */,
			);
			defaultConfigurationIsVisible = 0;
			defaultConfigurationName = Release;
		};
		6456B55B240C8DF700609F0F /* Build configuration list for PBXNativeTarget "HLApp" */ = {
			isa = XCConfigurationList;
			buildConfigurations = (
				6456B55C240C8DF700609F0F /* Debug */,
				6456B55D240C8DF700609F0F /* Release */,
			);
			defaultConfigurationIsVisible = 0;
			defaultConfigurationName = Release;
		};
		6456B55E240C8DF700609F0F /* Build configuration list for PBXNativeTarget "HLAppTests" */ = {
			isa = XCConfigurationList;
			buildConfigurations = (
				6456B55F240C8DF700609F0F /* Debug */,
				6456B560240C8DF700609F0F /* Release */,
			);
			defaultConfigurationIsVisible = 0;
			defaultConfigurationName = Release;
		};
/* End XCConfigurationList section */

/* Begin XCRemoteSwiftPackageReference section */
		6435B3CC248155970005A617 /* XCRemoteSwiftPackageReference "realm-cocoa" */ = {
			isa = XCRemoteSwiftPackageReference;
			repositoryURL = "https://github.com/realm/realm-cocoa.git";
			requirement = {
				branch = master;
				kind = branch;
			};
		};
		648C8BFC246147EF00F21627 /* XCRemoteSwiftPackageReference "MyLibraryUI" */ = {
			isa = XCRemoteSwiftPackageReference;
			repositoryURL = "https://github.com/Destplay/MyLibraryUI.git";
			requirement = {
				branch = master;
				kind = branch;
			};
		};
		64BAEF3B244095440010131C /* XCRemoteSwiftPackageReference "Alamofire" */ = {
			isa = XCRemoteSwiftPackageReference;
			repositoryURL = "https://github.com/Alamofire/Alamofire.git";
			requirement = {
				branch = master;
				kind = branch;
			};
		};
/* End XCRemoteSwiftPackageReference section */

/* Begin XCSwiftPackageProductDependency section */
		6435B3CD248155970005A617 /* RealmSwift */ = {
			isa = XCSwiftPackageProductDependency;
			package = 6435B3CC248155970005A617 /* XCRemoteSwiftPackageReference "realm-cocoa" */;
			productName = RealmSwift;
		};
		648C8BFD246147EF00F21627 /* MyLibraryUI */ = {
			isa = XCSwiftPackageProductDependency;
			package = 648C8BFC246147EF00F21627 /* XCRemoteSwiftPackageReference "MyLibraryUI" */;
			productName = MyLibraryUI;
		};
		64BAEF3C244095440010131C /* Alamofire */ = {
			isa = XCSwiftPackageProductDependency;
			package = 64BAEF3B244095440010131C /* XCRemoteSwiftPackageReference "Alamofire" */;
			productName = Alamofire;
		};
/* End XCSwiftPackageProductDependency section */

/* Begin XCVersionGroup section */
		6456B540240C8DF600609F0F /* HLApp.xcdatamodeld */ = {
			isa = XCVersionGroup;
			children = (
				6456B541240C8DF600609F0F /* HLApp.xcdatamodel */,
			);
			currentVersion = 6456B541240C8DF600609F0F /* HLApp.xcdatamodel */;
			path = HLApp.xcdatamodeld;
			sourceTree = "<group>";
			versionGroupType = wrapper.xcdatamodel;
		};
/* End XCVersionGroup section */
	};
	rootObject = 6456B531240C8DF600609F0F /* Project object */;
}
