{
  "object": {
    "pins": [
      {
        "package": "Alamofire",
        "repositoryURL": "https://github.com/Alamofire/Alamofire.git",
        "state": {
          "branch": "master",
          "revision": "fca036f7aeca07124067cb6e0c12b0ad6359e3d4",
          "version": null
        }
      },
      {
        "package": "MyLibraryUI",
        "repositoryURL": "https://github.com/Destplay/MyLibraryUI.git",
        "state": {
          "branch": "master",
          "revision": "c368e6e2369b32b535f50e09ae7980bc7142aa56",
          "version": null
        }
      },
      {
        "package": "Realm",
        "repositoryURL": "https://github.com/realm/realm-cocoa.git",
        "state": {
          "branch": "master",
          "revision": "e62fe72fb97239bae34bf437f06d53b8a8a9f7aa",
          "version": null
        }
      },
      {
        "package": "RealmCore",
        "repositoryURL": "https://github.com/realm/realm-core",
        "state": {
          "branch": null,
          "revision": "3735ee940583f3d62f73076034505ff4e6207d91",
          "version": "6.0.4"
        }
      }
    ]
  },
  "version": 1
}
